
Microsoft Visual Studio Solution File, Format Version 12.00
# Visual Studio Version 17
VisualStudioVersion = 17.2.32602.215
MinimumVisualStudioVersion = 10.0.40219.1
Project("{FAE04EC0-301F-11D3-BF4B-00C04F79EFBC}") = "ConsoleApp2", "ConsoleApp2\ConsoleApp2.csproj", "{AECF739F-22A0-480F-BC31-40DB5024AD4B}"
EndProject
Global
	GlobalSection(SolutionConfigurationPlatforms) = preSolution
		Debug|Any CPU = Debug|Any CPU
		Release|Any CPU = Release|Any CPU
	EndGlobalSection
	GlobalSection(ProjectConfigurationPlatforms) = postSolution
		{AECF739F-22A0-480F-BC31-40DB5024AD4B}.Debug|Any CPU.ActiveCfg = Debug|Any CPU
		{AECF739F-22A0-480F-BC31-40DB5024AD4B}.Debug|Any CPU.Build.0 = Debug|Any CPU
		{AECF739F-22A0-480F-BC31-40DB5024AD4B}.Release|Any CPU.ActiveCfg = Release|Any CPU
		{AECF739F-22A0-480F-BC31-40DB5024AD4B}.Release|Any CPU.Build.0 = Release|Any CPU
	EndGlobalSection
	GlobalSection(SolutionProperties) = preSolution
		HideSolutionNode = FALSE
	EndGlobalSection
	GlobalSection(ExtensibilityGlobals) = postSolution
		SolutionGuid = {CABC2299-2649-4558-8A4F-DE159422A181}
	EndGlobalSection
EndGlobal
